
Microsoft Visual Studio Solution File, Format Version 12.00
# Visual Studio Version 17
VisualStudioVersion = 17.7.34031.279
MinimumVisualStudioVersion = 10.0.40219.1
Project("{FAE04EC0-301F-11D3-BF4B-00C04F79EFBC}") = "APIPoke", "APIPoke.csproj", "{C366BBF2-393C-4704-B666-BA195C63C615}"
EndProject
Global
	GlobalSection(SolutionConfigurationPlatforms) = preSolution
		Debug|Any CPU = Debug|Any CPU
		Release|Any CPU = Release|Any CPU
	EndGlobalSection
	GlobalSection(ProjectConfigurationPlatforms) = postSolution
		{C366BBF2-393C-4704-B666-BA195C63C615}.Debug|Any CPU.ActiveCfg = Debug|Any CPU
		{C366BBF2-393C-4704-B666-BA195C63C615}.Debug|Any CPU.Build.0 = Debug|Any CPU
		{C366BBF2-393C-4704-B666-BA195C63C615}.Release|Any CPU.ActiveCfg = Release|Any CPU
		{C366BBF2-393C-4704-B666-BA195C63C615}.Release|Any CPU.Build.0 = Release|Any CPU
	EndGlobalSection
	GlobalSection(SolutionProperties) = preSolution
		HideSolutionNode = FALSE
	EndGlobalSection
	GlobalSection(ExtensibilityGlobals) = postSolution
		SolutionGuid = {CE1005C6-8DC7-4052-BE2E-EF769547092D}
	EndGlobalSection
EndGlobal
